
Microsoft Visual Studio Solution File, Format Version 12.00
# Visual Studio 2012
Project("{FAE04EC0-301F-11D3-BF4B-00C04F79EFBC}") = "OrbusDevTest", "OrbusDevTest\OrbusDevTest.csproj", "{8E23ACD8-34F3-40FC-A1BF-EA96688BFC4A}"
	ProjectSection(ProjectDependencies) = postProject
		{61DB5B86-CAF8-46EF-A45E-58AE02CD50AE} = {61DB5B86-CAF8-46EF-A45E-58AE02CD50AE}
	EndProjectSection
EndProject
Project("{FAE04EC0-301F-11D3-BF4B-00C04F79EFBC}") = "WebService", "WebService\WebService.csproj", "{61DB5B86-CAF8-46EF-A45E-58AE02CD50AE}"
EndProject
Global
	GlobalSection(SolutionConfigurationPlatforms) = preSolution
		Debug|Any CPU = Debug|Any CPU
		Release|Any CPU = Release|Any CPU
	EndGlobalSection
	GlobalSection(ProjectConfigurationPlatforms) = postSolution
		{8E23ACD8-34F3-40FC-A1BF-EA96688BFC4A}.Debug|Any CPU.ActiveCfg = Debug|Any CPU
		{8E23ACD8-34F3-40FC-A1BF-EA96688BFC4A}.Debug|Any CPU.Build.0 = Debug|Any CPU
		{8E23ACD8-34F3-40FC-A1BF-EA96688BFC4A}.Release|Any CPU.ActiveCfg = Release|Any CPU
		{8E23ACD8-34F3-40FC-A1BF-EA96688BFC4A}.Release|Any CPU.Build.0 = Release|Any CPU
		{61DB5B86-CAF8-46EF-A45E-58AE02CD50AE}.Debug|Any CPU.ActiveCfg = Debug|Any CPU
		{61DB5B86-CAF8-46EF-A45E-58AE02CD50AE}.Debug|Any CPU.Build.0 = Debug|Any CPU
		{61DB5B86-CAF8-46EF-A45E-58AE02CD50AE}.Release|Any CPU.ActiveCfg = Release|Any CPU
		{61DB5B86-CAF8-46EF-A45E-58AE02CD50AE}.Release|Any CPU.Build.0 = Release|Any CPU
	EndGlobalSection
	GlobalSection(SolutionProperties) = preSolution
		HideSolutionNode = FALSE
	EndGlobalSection
EndGlobal
